// !$*UTF8*$!
{
	archiveVersion = 1;
	classes = {
	};
	objectVersion = 56;
	objects = {

/* Begin PBXBuildFile section */
		E149868C28B9328000F40F6A /* img in Resources */ = {isa = PBXBuildFile; fileRef = E149868428B9327F00F40F6A /* img */; };
		E149868D28B9328000F40F6A /* img in Resources */ = {isa = PBXBuildFile; fileRef = E149868428B9327F00F40F6A /* img */; };
		E149868E28B9328000F40F6A /* _locales in Resources */ = {isa = PBXBuildFile; fileRef = E149868528B9327F00F40F6A /* _locales */; };
		E149868F28B9328000F40F6A /* _locales in Resources */ = {isa = PBXBuildFile; fileRef = E149868528B9327F00F40F6A /* _locales */; };
		E149869028B9328000F40F6A /* manifest.json in Resources */ = {isa = PBXBuildFile; fileRef = E149868628B9327F00F40F6A /* manifest.json */; };
		E149869128B9328000F40F6A /* manifest.json in Resources */ = {isa = PBXBuildFile; fileRef = E149868628B9327F00F40F6A /* manifest.json */; };
		E149869228B9328000F40F6A /* js in Resources */ = {isa = PBXBuildFile; fileRef = E149868728B9328000F40F6A /* js */; };
		E149869328B9328000F40F6A /* js in Resources */ = {isa = PBXBuildFile; fileRef = E149868728B9328000F40F6A /* js */; };
		E149869428B9328000F40F6A /* LICENSE in Resources */ = {isa = PBXBuildFile; fileRef = E149868828B9328000F40F6A /* LICENSE */; };
		E149869528B9328000F40F6A /* LICENSE in Resources */ = {isa = PBXBuildFile; fileRef = E149868828B9328000F40F6A /* LICENSE */; };
		E149869628B9328000F40F6A /* css in Resources */ = {isa = PBXBuildFile; fileRef = E149868928B9328000F40F6A /* css */; };
		E149869728B9328000F40F6A /* css in Resources */ = {isa = PBXBuildFile; fileRef = E149868928B9328000F40F6A /* css */; };
		E149869828B9328000F40F6A /* _metadata in Resources */ = {isa = PBXBuildFile; fileRef = E149868A28B9328000F40F6A /* _metadata */; };
		E149869928B9328000F40F6A /* _metadata in Resources */ = {isa = PBXBuildFile; fileRef = E149868A28B9328000F40F6A /* _metadata */; };
		E149869A28B9328000F40F6A /* view in Resources */ = {isa = PBXBuildFile; fileRef = E149868B28B9328000F40F6A /* view */; };
		E149869B28B9328000F40F6A /* view in Resources */ = {isa = PBXBuildFile; fileRef = E149868B28B9328000F40F6A /* view */; };
		E18F16D028B3D436000B0F17 /* AppDelegate.swift in Sources */ = {isa = PBXBuildFile; fileRef = E18F16CF28B3D436000B0F17 /* AppDelegate.swift */; };
		E18F16D228B3D436000B0F17 /* SceneDelegate.swift in Sources */ = {isa = PBXBuildFile; fileRef = E18F16D128B3D436000B0F17 /* SceneDelegate.swift */; };
		E18F16D528B3D436000B0F17 /* LaunchScreen.storyboard in Resources */ = {isa = PBXBuildFile; fileRef = E18F16D328B3D436000B0F17 /* LaunchScreen.storyboard */; };
		E18F16D828B3D436000B0F17 /* Main.storyboard in Resources */ = {isa = PBXBuildFile; fileRef = E18F16D628B3D436000B0F17 /* Main.storyboard */; };
		E18F16E128B3D436000B0F17 /* AppDelegate.swift in Sources */ = {isa = PBXBuildFile; fileRef = E18F16E028B3D436000B0F17 /* AppDelegate.swift */; };
		E18F16E428B3D436000B0F17 /* Main.storyboard in Resources */ = {isa = PBXBuildFile; fileRef = E18F16E228B3D436000B0F17 /* Main.storyboard */; };
		E18F16EC28B3D436000B0F17 /* Real Debrid Extension.appex in Embed Foundation Extensions */ = {isa = PBXBuildFile; fileRef = E18F16EB28B3D436000B0F17 /* Real Debrid Extension.appex */; settings = {ATTRIBUTES = (RemoveHeadersOnCopy, ); }; };
		E18F16F628B3D436000B0F17 /* Real Debrid Extension.appex in Embed Foundation Extensions */ = {isa = PBXBuildFile; fileRef = E18F16F528B3D436000B0F17 /* Real Debrid Extension.appex */; settings = {ATTRIBUTES = (RemoveHeadersOnCopy, ); }; };
		E18F16FC28B3D436000B0F17 /* Main.html in Resources */ = {isa = PBXBuildFile; fileRef = E18F16BF28B3D435000B0F17 /* Main.html */; };
		E18F16FD28B3D436000B0F17 /* Main.html in Resources */ = {isa = PBXBuildFile; fileRef = E18F16BF28B3D435000B0F17 /* Main.html */; };
		E18F16FE28B3D436000B0F17 /* Icon.png in Resources */ = {isa = PBXBuildFile; fileRef = E18F16C128B3D435000B0F17 /* Icon.png */; };
		E18F16FF28B3D436000B0F17 /* Icon.png in Resources */ = {isa = PBXBuildFile; fileRef = E18F16C128B3D435000B0F17 /* Icon.png */; };
		E18F170028B3D436000B0F17 /* Style.css in Resources */ = {isa = PBXBuildFile; fileRef = E18F16C228B3D435000B0F17 /* Style.css */; };
		E18F170128B3D436000B0F17 /* Style.css in Resources */ = {isa = PBXBuildFile; fileRef = E18F16C228B3D435000B0F17 /* Style.css */; };
		E18F170228B3D436000B0F17 /* Script.js in Resources */ = {isa = PBXBuildFile; fileRef = E18F16C328B3D435000B0F17 /* Script.js */; };
		E18F170328B3D436000B0F17 /* Script.js in Resources */ = {isa = PBXBuildFile; fileRef = E18F16C328B3D435000B0F17 /* Script.js */; };
		E18F170428B3D436000B0F17 /* ViewController.swift in Sources */ = {isa = PBXBuildFile; fileRef = E18F16C428B3D435000B0F17 /* ViewController.swift */; };
		E18F170528B3D436000B0F17 /* ViewController.swift in Sources */ = {isa = PBXBuildFile; fileRef = E18F16C428B3D435000B0F17 /* ViewController.swift */; };
		E18F170628B3D436000B0F17 /* Assets.xcassets in Resources */ = {isa = PBXBuildFile; fileRef = E18F16C528B3D436000B0F17 /* Assets.xcassets */; };
		E18F170728B3D436000B0F17 /* Assets.xcassets in Resources */ = {isa = PBXBuildFile; fileRef = E18F16C528B3D436000B0F17 /* Assets.xcassets */; };
		E18F170828B3D436000B0F17 /* SafariWebExtensionHandler.swift in Sources */ = {isa = PBXBuildFile; fileRef = E18F16C728B3D436000B0F17 /* SafariWebExtensionHandler.swift */; };
		E18F170928B3D436000B0F17 /* SafariWebExtensionHandler.swift in Sources */ = {isa = PBXBuildFile; fileRef = E18F16C728B3D436000B0F17 /* SafariWebExtensionHandler.swift */; };
/* End PBXBuildFile section */

/* Begin PBXContainerItemProxy section */
		E18F16ED28B3D436000B0F17 /* PBXContainerItemProxy */ = {
			isa = PBXContainerItemProxy;
			containerPortal = E18F16B928B3D435000B0F17 /* Project object */;
			proxyType = 1;
			remoteGlobalIDString = E18F16EA28B3D436000B0F17;
			remoteInfo = "Real Debrid Extension (iOS)";
		};
		E18F16F728B3D436000B0F17 /* PBXContainerItemProxy */ = {
			isa = PBXContainerItemProxy;
			containerPortal = E18F16B928B3D435000B0F17 /* Project object */;
			proxyType = 1;
			remoteGlobalIDString = E18F16F428B3D436000B0F17;
			remoteInfo = "Real Debrid Extension (macOS)";
		};
/* End PBXContainerItemProxy section */

/* Begin PBXCopyFilesBuildPhase section */
		E18F170F28B3D436000B0F17 /* Embed Foundation Extensions */ = {
			isa = PBXCopyFilesBuildPhase;
			buildActionMask = 2147483647;
			dstPath = "";
			dstSubfolderSpec = 13;
			files = (
				E18F16EC28B3D436000B0F17 /* Real Debrid Extension.appex in Embed Foundation Extensions */,
			);
			name = "Embed Foundation Extensions";
			runOnlyForDeploymentPostprocessing = 0;
		};
		E18F171628B3D436000B0F17 /* Embed Foundation Extensions */ = {
			isa = PBXCopyFilesBuildPhase;
			buildActionMask = 2147483647;
			dstPath = "";
			dstSubfolderSpec = 13;
			files = (
				E18F16F628B3D436000B0F17 /* Real Debrid Extension.appex in Embed Foundation Extensions */,
			);
			name = "Embed Foundation Extensions";
			runOnlyForDeploymentPostprocessing = 0;
		};
/* End PBXCopyFilesBuildPhase section */

/* Begin PBXFileReference section */
		E149868428B9327F00F40F6A /* img */ = {isa = PBXFileReference; lastKnownFileType = folder; name = img; path = ../../../Downloads/real/src/img; sourceTree = "<group>"; };
		E149868528B9327F00F40F6A /* _locales */ = {isa = PBXFileReference; lastKnownFileType = folder; name = _locales; path = ../../../Downloads/real/src/_locales; sourceTree = "<group>"; };
		E149868628B9327F00F40F6A /* manifest.json */ = {isa = PBXFileReference; fileEncoding = 4; lastKnownFileType = text.json; name = manifest.json; path = ../../../Downloads/real/src/manifest.json; sourceTree = "<group>"; };
		E149868728B9328000F40F6A /* js */ = {isa = PBXFileReference; lastKnownFileType = folder; name = js; path = ../../../Downloads/real/src/js; sourceTree = "<group>"; };
		E149868828B9328000F40F6A /* LICENSE */ = {isa = PBXFileReference; fileEncoding = 4; lastKnownFileType = text; name = LICENSE; path = ../../../Downloads/real/src/LICENSE; sourceTree = "<group>"; };
		E149868928B9328000F40F6A /* css */ = {isa = PBXFileReference; lastKnownFileType = folder; name = css; path = ../../../Downloads/real/src/css; sourceTree = "<group>"; };
		E149868A28B9328000F40F6A /* _metadata */ = {isa = PBXFileReference; lastKnownFileType = folder; name = _metadata; path = ../../../Downloads/real/src/_metadata; sourceTree = "<group>"; };
		E149868B28B9328000F40F6A /* view */ = {isa = PBXFileReference; lastKnownFileType = folder; name = view; path = ../../../Downloads/real/src/view; sourceTree = "<group>"; };
		E18F16C028B3D435000B0F17 /* Base */ = {isa = PBXFileReference; lastKnownFileType = text.html; name = Base; path = ../Base.lproj/Main.html; sourceTree = "<group>"; };
		E18F16C128B3D435000B0F17 /* Icon.png */ = {isa = PBXFileReference; lastKnownFileType = image.png; path = Icon.png; sourceTree = "<group>"; };
		E18F16C228B3D435000B0F17 /* Style.css */ = {isa = PBXFileReference; lastKnownFileType = text.css; path = Style.css; sourceTree = "<group>"; };
		E18F16C328B3D435000B0F17 /* Script.js */ = {isa = PBXFileReference; lastKnownFileType = sourcecode.javascript; path = Script.js; sourceTree = "<group>"; };
		E18F16C428B3D435000B0F17 /* ViewController.swift */ = {isa = PBXFileReference; lastKnownFileType = sourcecode.swift; path = ViewController.swift; sourceTree = "<group>"; };
		E18F16C528B3D436000B0F17 /* Assets.xcassets */ = {isa = PBXFileReference; lastKnownFileType = folder.assetcatalog; path = Assets.xcassets; sourceTree = "<group>"; };
		E18F16C728B3D436000B0F17 /* SafariWebExtensionHandler.swift */ = {isa = PBXFileReference; lastKnownFileType = sourcecode.swift; path = SafariWebExtensionHandler.swift; sourceTree = "<group>"; };
		E18F16CC28B3D436000B0F17 /* Real Debrid.app */ = {isa = PBXFileReference; explicitFileType = wrapper.application; includeInIndex = 0; path = "Real Debrid.app"; sourceTree = BUILT_PRODUCTS_DIR; };
		E18F16CF28B3D436000B0F17 /* AppDelegate.swift */ = {isa = PBXFileReference; lastKnownFileType = sourcecode.swift; path = AppDelegate.swift; sourceTree = "<group>"; };
		E18F16D128B3D436000B0F17 /* SceneDelegate.swift */ = {isa = PBXFileReference; lastKnownFileType = sourcecode.swift; path = SceneDelegate.swift; sourceTree = "<group>"; };
		E18F16D428B3D436000B0F17 /* Base */ = {isa = PBXFileReference; lastKnownFileType = file.storyboard; name = Base; path = Base.lproj/LaunchScreen.storyboard; sourceTree = "<group>"; };
		E18F16D728B3D436000B0F17 /* Base */ = {isa = PBXFileReference; lastKnownFileType = file.storyboard; name = Base; path = Base.lproj/Main.storyboard; sourceTree = "<group>"; };
		E18F16D928B3D436000B0F17 /* Info.plist */ = {isa = PBXFileReference; lastKnownFileType = text.plist.xml; path = Info.plist; sourceTree = "<group>"; };
		E18F16DE28B3D436000B0F17 /* Real Debrid.app */ = {isa = PBXFileReference; explicitFileType = wrapper.application; includeInIndex = 0; path = "Real Debrid.app"; sourceTree = BUILT_PRODUCTS_DIR; };
		E18F16E028B3D436000B0F17 /* AppDelegate.swift */ = {isa = PBXFileReference; lastKnownFileType = sourcecode.swift; path = AppDelegate.swift; sourceTree = "<group>"; };
		E18F16E328B3D436000B0F17 /* Base */ = {isa = PBXFileReference; lastKnownFileType = file.storyboard; name = Base; path = Base.lproj/Main.storyboard; sourceTree = "<group>"; };
		E18F16E528B3D436000B0F17 /* Info.plist */ = {isa = PBXFileReference; lastKnownFileType = text.plist.xml; path = Info.plist; sourceTree = "<group>"; };
		E18F16E628B3D436000B0F17 /* Real Debrid.entitlements */ = {isa = PBXFileReference; lastKnownFileType = text.plist.entitlements; path = "Real Debrid.entitlements"; sourceTree = "<group>"; };
		E18F16EB28B3D436000B0F17 /* Real Debrid Extension.appex */ = {isa = PBXFileReference; explicitFileType = "wrapper.app-extension"; includeInIndex = 0; path = "Real Debrid Extension.appex"; sourceTree = BUILT_PRODUCTS_DIR; };
		E18F16F028B3D436000B0F17 /* Info.plist */ = {isa = PBXFileReference; lastKnownFileType = text.plist.xml; path = Info.plist; sourceTree = "<group>"; };
		E18F16F528B3D436000B0F17 /* Real Debrid Extension.appex */ = {isa = PBXFileReference; explicitFileType = "wrapper.app-extension"; includeInIndex = 0; path = "Real Debrid Extension.appex"; sourceTree = BUILT_PRODUCTS_DIR; };
		E18F16FA28B3D436000B0F17 /* Info.plist */ = {isa = PBXFileReference; lastKnownFileType = text.plist.xml; path = Info.plist; sourceTree = "<group>"; };
		E18F16FB28B3D436000B0F17 /* Real Debrid.entitlements */ = {isa = PBXFileReference; lastKnownFileType = text.plist.entitlements; path = "Real Debrid.entitlements"; sourceTree = "<group>"; };
/* End PBXFileReference section */

/* Begin PBXFrameworksBuildPhase section */
		E18F16C928B3D436000B0F17 /* Frameworks */ = {
			isa = PBXFrameworksBuildPhase;
			buildActionMask = 2147483647;
			files = (
			);
			runOnlyForDeploymentPostprocessing = 0;
		};
		E18F16DB28B3D436000B0F17 /* Frameworks */ = {
			isa = PBXFrameworksBuildPhase;
			buildActionMask = 2147483647;
			files = (
			);
			runOnlyForDeploymentPostprocessing = 0;
		};
		E18F16E828B3D436000B0F17 /* Frameworks */ = {
			isa = PBXFrameworksBuildPhase;
			buildActionMask = 2147483647;
			files = (
			);
			runOnlyForDeploymentPostprocessing = 0;
		};
		E18F16F228B3D436000B0F17 /* Frameworks */ = {
			isa = PBXFrameworksBuildPhase;
			buildActionMask = 2147483647;
			files = (
			);
			runOnlyForDeploymentPostprocessing = 0;
		};
/* End PBXFrameworksBuildPhase section */

/* Begin PBXGroup section */
		E18F16B828B3D435000B0F17 = {
			isa = PBXGroup;
			children = (
				E18F16BD28B3D435000B0F17 /* Shared (App) */,
				E18F16C628B3D436000B0F17 /* Shared (Extension) */,
				E18F16CE28B3D436000B0F17 /* iOS (App) */,
				E18F16DF28B3D436000B0F17 /* macOS (App) */,
				E18F16EF28B3D436000B0F17 /* iOS (Extension) */,
				E18F16F928B3D436000B0F17 /* macOS (Extension) */,
				E18F16CD28B3D436000B0F17 /* Products */,
			);
			sourceTree = "<group>";
		};
		E18F16BD28B3D435000B0F17 /* Shared (App) */ = {
			isa = PBXGroup;
			children = (
				E18F16C428B3D435000B0F17 /* ViewController.swift */,
				E18F16C528B3D436000B0F17 /* Assets.xcassets */,
				E18F16BE28B3D435000B0F17 /* Resources */,
			);
			path = "Shared (App)";
			sourceTree = "<group>";
		};
		E18F16BE28B3D435000B0F17 /* Resources */ = {
			isa = PBXGroup;
			children = (
				E18F16BF28B3D435000B0F17 /* Main.html */,
				E18F16C128B3D435000B0F17 /* Icon.png */,
				E18F16C228B3D435000B0F17 /* Style.css */,
				E18F16C328B3D435000B0F17 /* Script.js */,
			);
			path = Resources;
			sourceTree = "<group>";
		};
		E18F16C628B3D436000B0F17 /* Shared (Extension) */ = {
			isa = PBXGroup;
			children = (
				E18F171A28B3D437000B0F17 /* Resources */,
				E18F16C728B3D436000B0F17 /* SafariWebExtensionHandler.swift */,
			);
			path = "Shared (Extension)";
			sourceTree = "<group>";
		};
		E18F16CD28B3D436000B0F17 /* Products */ = {
			isa = PBXGroup;
			children = (
				E18F16CC28B3D436000B0F17 /* Real Debrid.app */,
				E18F16DE28B3D436000B0F17 /* Real Debrid.app */,
				E18F16EB28B3D436000B0F17 /* Real Debrid Extension.appex */,
				E18F16F528B3D436000B0F17 /* Real Debrid Extension.appex */,
			);
			name = Products;
			sourceTree = "<group>";
		};
		E18F16CE28B3D436000B0F17 /* iOS (App) */ = {
			isa = PBXGroup;
			children = (
				E18F16CF28B3D436000B0F17 /* AppDelegate.swift */,
				E18F16D128B3D436000B0F17 /* SceneDelegate.swift */,
				E18F16D328B3D436000B0F17 /* LaunchScreen.storyboard */,
				E18F16D628B3D436000B0F17 /* Main.storyboard */,
				E18F16D928B3D436000B0F17 /* Info.plist */,
			);
			path = "iOS (App)";
			sourceTree = "<group>";
		};
		E18F16DF28B3D436000B0F17 /* macOS (App) */ = {
			isa = PBXGroup;
			children = (
				E18F16E028B3D436000B0F17 /* AppDelegate.swift */,
				E18F16E228B3D436000B0F17 /* Main.storyboard */,
				E18F16E528B3D436000B0F17 /* Info.plist */,
				E18F16E628B3D436000B0F17 /* Real Debrid.entitlements */,
			);
			path = "macOS (App)";
			sourceTree = "<group>";
		};
		E18F16EF28B3D436000B0F17 /* iOS (Extension) */ = {
			isa = PBXGroup;
			children = (
				E18F16F028B3D436000B0F17 /* Info.plist */,
			);
			path = "iOS (Extension)";
			sourceTree = "<group>";
		};
		E18F16F928B3D436000B0F17 /* macOS (Extension) */ = {
			isa = PBXGroup;
			children = (
				E18F16FA28B3D436000B0F17 /* Info.plist */,
				E18F16FB28B3D436000B0F17 /* Real Debrid.entitlements */,
			);
			path = "macOS (Extension)";
			sourceTree = "<group>";
		};
		E18F171A28B3D437000B0F17 /* Resources */ = {
			isa = PBXGroup;
			children = (
				E149868528B9327F00F40F6A /* _locales */,
				E149868A28B9328000F40F6A /* _metadata */,
				E149868928B9328000F40F6A /* css */,
				E149868428B9327F00F40F6A /* img */,
				E149868728B9328000F40F6A /* js */,
				E149868828B9328000F40F6A /* LICENSE */,
				E149868628B9327F00F40F6A /* manifest.json */,
				E149868B28B9328000F40F6A /* view */,
			);
			name = Resources;
			path = "Shared (Extension)";
			sourceTree = SOURCE_ROOT;
		};
/* End PBXGroup section */

/* Begin PBXNativeTarget section */
		E18F16CB28B3D436000B0F17 /* Real Debrid (iOS) */ = {
			isa = PBXNativeTarget;
			buildConfigurationList = E18F171028B3D436000B0F17 /* Build configuration list for PBXNativeTarget "Real Debrid (iOS)" */;
			buildPhases = (
				E18F16C828B3D436000B0F17 /* Sources */,
				E18F16C928B3D436000B0F17 /* Frameworks */,
				E18F16CA28B3D436000B0F17 /* Resources */,
				E18F170F28B3D436000B0F17 /* Embed Foundation Extensions */,
			);
			buildRules = (
			);
			dependencies = (
				E18F16EE28B3D436000B0F17 /* PBXTargetDependency */,
			);
			name = "Real Debrid (iOS)";
			productName = "Real Debrid (iOS)";
			productReference = E18F16CC28B3D436000B0F17 /* Real Debrid.app */;
			productType = "com.apple.product-type.application";
		};
		E18F16DD28B3D436000B0F17 /* Real Debrid (macOS) */ = {
			isa = PBXNativeTarget;
			buildConfigurationList = E18F171728B3D436000B0F17 /* Build configuration list for PBXNativeTarget "Real Debrid (macOS)" */;
			buildPhases = (
				E18F16DA28B3D436000B0F17 /* Sources */,
				E18F16DB28B3D436000B0F17 /* Frameworks */,
				E18F16DC28B3D436000B0F17 /* Resources */,
				E18F171628B3D436000B0F17 /* Embed Foundation Extensions */,
			);
			buildRules = (
			);
			dependencies = (
				E18F16F828B3D436000B0F17 /* PBXTargetDependency */,
			);
			name = "Real Debrid (macOS)";
			productName = "Real Debrid (macOS)";
			productReference = E18F16DE28B3D436000B0F17 /* Real Debrid.app */;
			productType = "com.apple.product-type.application";
		};
		E18F16EA28B3D436000B0F17 /* Real Debrid Extension (iOS) */ = {
			isa = PBXNativeTarget;
			buildConfigurationList = E18F170C28B3D436000B0F17 /* Build configuration list for PBXNativeTarget "Real Debrid Extension (iOS)" */;
			buildPhases = (
				E18F16E728B3D436000B0F17 /* Sources */,
				E18F16E828B3D436000B0F17 /* Frameworks */,
				E18F16E928B3D436000B0F17 /* Resources */,
			);
			buildRules = (
			);
			dependencies = (
			);
			name = "Real Debrid Extension (iOS)";
			productName = "Real Debrid Extension (iOS)";
			productReference = E18F16EB28B3D436000B0F17 /* Real Debrid Extension.appex */;
			productType = "com.apple.product-type.app-extension";
		};
		E18F16F428B3D436000B0F17 /* Real Debrid Extension (macOS) */ = {
			isa = PBXNativeTarget;
			buildConfigurationList = E18F171328B3D436000B0F17 /* Build configuration list for PBXNativeTarget "Real Debrid Extension (macOS)" */;
			buildPhases = (
				E18F16F128B3D436000B0F17 /* Sources */,
				E18F16F228B3D436000B0F17 /* Frameworks */,
				E18F16F328B3D436000B0F17 /* Resources */,
			);
			buildRules = (
			);
			dependencies = (
			);
			name = "Real Debrid Extension (macOS)";
			productName = "Real Debrid Extension (macOS)";
			productReference = E18F16F528B3D436000B0F17 /* Real Debrid Extension.appex */;
			productType = "com.apple.product-type.app-extension";
		};
/* End PBXNativeTarget section */

/* Begin PBXProject section */
		E18F16B928B3D435000B0F17 /* Project object */ = {
			isa = PBXProject;
			attributes = {
				BuildIndependentTargetsInParallel = 1;
				LastSwiftUpdateCheck = 1400;
				LastUpgradeCheck = 1400;
				TargetAttributes = {
					E18F16CB28B3D436000B0F17 = {
						CreatedOnToolsVersion = 14.0;
					};
					E18F16DD28B3D436000B0F17 = {
						CreatedOnToolsVersion = 14.0;
					};
					E18F16EA28B3D436000B0F17 = {
						CreatedOnToolsVersion = 14.0;
					};
					E18F16F428B3D436000B0F17 = {
						CreatedOnToolsVersion = 14.0;
					};
				};
			};
			buildConfigurationList = E18F16BC28B3D435000B0F17 /* Build configuration list for PBXProject "Real Debrid" */;
			compatibilityVersion = "Xcode 14.0";
			developmentRegion = en;
			hasScannedForEncodings = 0;
			knownRegions = (
				en,
				Base,
			);
			mainGroup = E18F16B828B3D435000B0F17;
			productRefGroup = E18F16CD28B3D436000B0F17 /* Products */;
			projectDirPath = "";
			projectRoot = "";
			targets = (
				E18F16CB28B3D436000B0F17 /* Real Debrid (iOS) */,
				E18F16DD28B3D436000B0F17 /* Real Debrid (macOS) */,
				E18F16EA28B3D436000B0F17 /* Real Debrid Extension (iOS) */,
				E18F16F428B3D436000B0F17 /* Real Debrid Extension (macOS) */,
			);
		};
/* End PBXProject section */

/* Begin PBXResourcesBuildPhase section */
		E18F16CA28B3D436000B0F17 /* Resources */ = {
			isa = PBXResourcesBuildPhase;
			buildActionMask = 2147483647;
			files = (
				E18F16FE28B3D436000B0F17 /* Icon.png in Resources */,
				E18F16D528B3D436000B0F17 /* LaunchScreen.storyboard in Resources */,
				E18F16FC28B3D436000B0F17 /* Main.html in Resources */,
				E18F170228B3D436000B0F17 /* Script.js in Resources */,
				E18F170628B3D436000B0F17 /* Assets.xcassets in Resources */,
				E18F16D828B3D436000B0F17 /* Main.storyboard in Resources */,
				E18F170028B3D436000B0F17 /* Style.css in Resources */,
			);
			runOnlyForDeploymentPostprocessing = 0;
		};
		E18F16DC28B3D436000B0F17 /* Resources */ = {
			isa = PBXResourcesBuildPhase;
			buildActionMask = 2147483647;
			files = (
				E18F16FF28B3D436000B0F17 /* Icon.png in Resources */,
				E18F170128B3D436000B0F17 /* Style.css in Resources */,
				E18F16E428B3D436000B0F17 /* Main.storyboard in Resources */,
				E18F170328B3D436000B0F17 /* Script.js in Resources */,
				E18F170728B3D436000B0F17 /* Assets.xcassets in Resources */,
				E18F16FD28B3D436000B0F17 /* Main.html in Resources */,
			);
			runOnlyForDeploymentPostprocessing = 0;
		};
		E18F16E928B3D436000B0F17 /* Resources */ = {
			isa = PBXResourcesBuildPhase;
			buildActionMask = 2147483647;
			files = (
				E149868C28B9328000F40F6A /* img in Resources */,
				E149869428B9328000F40F6A /* LICENSE in Resources */,
				E149869828B9328000F40F6A /* _metadata in Resources */,
				E149869028B9328000F40F6A /* manifest.json in Resources */,
				E149869228B9328000F40F6A /* js in Resources */,
				E149869628B9328000F40F6A /* css in Resources */,
				E149868E28B9328000F40F6A /* _locales in Resources */,
				E149869A28B9328000F40F6A /* view in Resources */,
			);
			runOnlyForDeploymentPostprocessing = 0;
		};
		E18F16F328B3D436000B0F17 /* Resources */ = {
			isa = PBXResourcesBuildPhase;
			buildActionMask = 2147483647;
			files = (
				E149868D28B9328000F40F6A /* img in Resources */,
				E149869528B9328000F40F6A /* LICENSE in Resources */,
				E149869928B9328000F40F6A /* _metadata in Resources */,
				E149869128B9328000F40F6A /* manifest.json in Resources */,
				E149869328B9328000F40F6A /* js in Resources */,
				E149869728B9328000F40F6A /* css in Resources */,
				E149868F28B9328000F40F6A /* _locales in Resources */,
				E149869B28B9328000F40F6A /* view in Resources */,
			);
			runOnlyForDeploymentPostprocessing = 0;
		};
/* End PBXResourcesBuildPhase section */

/* Begin PBXSourcesBuildPhase section */
		E18F16C828B3D436000B0F17 /* Sources */ = {
			isa = PBXSourcesBuildPhase;
			buildActionMask = 2147483647;
			files = (
				E18F170428B3D436000B0F17 /* ViewController.swift in Sources */,
				E18F16D028B3D436000B0F17 /* AppDelegate.swift in Sources */,
				E18F16D228B3D436000B0F17 /* SceneDelegate.swift in Sources */,
			);
			runOnlyForDeploymentPostprocessing = 0;
		};
		E18F16DA28B3D436000B0F17 /* Sources */ = {
			isa = PBXSourcesBuildPhase;
			buildActionMask = 2147483647;
			files = (
				E18F170528B3D436000B0F17 /* ViewController.swift in Sources */,
				E18F16E128B3D436000B0F17 /* AppDelegate.swift in Sources */,
			);
			runOnlyForDeploymentPostprocessing = 0;
		};
		E18F16E728B3D436000B0F17 /* Sources */ = {
			isa = PBXSourcesBuildPhase;
			buildActionMask = 2147483647;
			files = (
				E18F170828B3D436000B0F17 /* SafariWebExtensionHandler.swift in Sources */,
			);
			runOnlyForDeploymentPostprocessing = 0;
		};
		E18F16F128B3D436000B0F17 /* Sources */ = {
			isa = PBXSourcesBuildPhase;
			buildActionMask = 2147483647;
			files = (
				E18F170928B3D436000B0F17 /* SafariWebExtensionHandler.swift in Sources */,
			);
			runOnlyForDeploymentPostprocessing = 0;
		};
/* End PBXSourcesBuildPhase section */

/* Begin PBXTargetDependency section */
		E18F16EE28B3D436000B0F17 /* PBXTargetDependency */ = {
			isa = PBXTargetDependency;
			target = E18F16EA28B3D436000B0F17 /* Real Debrid Extension (iOS) */;
			targetProxy = E18F16ED28B3D436000B0F17 /* PBXContainerItemProxy */;
		};
		E18F16F828B3D436000B0F17 /* PBXTargetDependency */ = {
			isa = PBXTargetDependency;
			target = E18F16F428B3D436000B0F17 /* Real Debrid Extension (macOS) */;
			targetProxy = E18F16F728B3D436000B0F17 /* PBXContainerItemProxy */;
		};
/* End PBXTargetDependency section */

/* Begin PBXVariantGroup section */
		E18F16BF28B3D435000B0F17 /* Main.html */ = {
			isa = PBXVariantGroup;
			children = (
				E18F16C028B3D435000B0F17 /* Base */,
			);
			name = Main.html;
			sourceTree = "<group>";
		};
		E18F16D328B3D436000B0F17 /* LaunchScreen.storyboard */ = {
			isa = PBXVariantGroup;
			children = (
				E18F16D428B3D436000B0F17 /* Base */,
			);
			name = LaunchScreen.storyboard;
			sourceTree = "<group>";
		};
		E18F16D628B3D436000B0F17 /* Main.storyboard */ = {
			isa = PBXVariantGroup;
			children = (
				E18F16D728B3D436000B0F17 /* Base */,
			);
			name = Main.storyboard;
			sourceTree = "<group>";
		};
		E18F16E228B3D436000B0F17 /* Main.storyboard */ = {
			isa = PBXVariantGroup;
			children = (
				E18F16E328B3D436000B0F17 /* Base */,
			);
			name = Main.storyboard;
			sourceTree = "<group>";
		};
/* End PBXVariantGroup section */

/* Begin XCBuildConfiguration section */
		E18F170A28B3D436000B0F17 /* Debug */ = {
			isa = XCBuildConfiguration;
			buildSettings = {
				ALWAYS_SEARCH_USER_PATHS = NO;
				CLANG_ANALYZER_NONNULL = YES;
				CLANG_ANALYZER_NUMBER_OBJECT_CONVERSION = YES_AGGRESSIVE;
				CLANG_CXX_LANGUAGE_STANDARD = "gnu++20";
				CLANG_ENABLE_MODULES = YES;
				CLANG_ENABLE_OBJC_ARC = YES;
				CLANG_ENABLE_OBJC_WEAK = YES;
				CLANG_WARN_BLOCK_CAPTURE_AUTORELEASING = YES;
				CLANG_WARN_BOOL_CONVERSION = YES;
				CLANG_WARN_COMMA = YES;
				CLANG_WARN_CONSTANT_CONVERSION = YES;
				CLANG_WARN_DEPRECATED_OBJC_IMPLEMENTATIONS = YES;
				CLANG_WARN_DIRECT_OBJC_ISA_USAGE = YES_ERROR;
				CLANG_WARN_DOCUMENTATION_COMMENTS = YES;
				CLANG_WARN_EMPTY_BODY = YES;
				CLANG_WARN_ENUM_CONVERSION = YES;
				CLANG_WARN_INFINITE_RECURSION = YES;
				CLANG_WARN_INT_CONVERSION = YES;
				CLANG_WARN_NON_LITERAL_NULL_CONVERSION = YES;
				CLANG_WARN_OBJC_IMPLICIT_RETAIN_SELF = YES;
				CLANG_WARN_OBJC_LITERAL_CONVERSION = YES;
				CLANG_WARN_OBJC_ROOT_CLASS = YES_ERROR;
				CLANG_WARN_QUOTED_INCLUDE_IN_FRAMEWORK_HEADER = YES;
				CLANG_WARN_RANGE_LOOP_ANALYSIS = YES;
				CLANG_WARN_STRICT_PROTOTYPES = YES;
				CLANG_WARN_SUSPICIOUS_MOVE = YES;
				CLANG_WARN_UNGUARDED_AVAILABILITY = YES_AGGRESSIVE;
				CLANG_WARN_UNREACHABLE_CODE = YES;
				CLANG_WARN__DUPLICATE_METHOD_MATCH = YES;
				COPY_PHASE_STRIP = NO;
				DEBUG_INFORMATION_FORMAT = dwarf;
				ENABLE_STRICT_OBJC_MSGSEND = YES;
				ENABLE_TESTABILITY = YES;
				GCC_C_LANGUAGE_STANDARD = gnu11;
				GCC_DYNAMIC_NO_PIC = NO;
				GCC_NO_COMMON_BLOCKS = YES;
				GCC_OPTIMIZATION_LEVEL = 0;
				GCC_PREPROCESSOR_DEFINITIONS = (
					"DEBUG=1",
					"$(inherited)",
				);
				GCC_WARN_64_TO_32_BIT_CONVERSION = YES;
				GCC_WARN_ABOUT_RETURN_TYPE = YES_ERROR;
				GCC_WARN_UNDECLARED_SELECTOR = YES;
				GCC_WARN_UNINITIALIZED_AUTOS = YES_AGGRESSIVE;
				GCC_WARN_UNUSED_FUNCTION = YES;
				GCC_WARN_UNUSED_VARIABLE = YES;
				MTL_ENABLE_DEBUG_INFO = INCLUDE_SOURCE;
				MTL_FAST_MATH = YES;
				ONLY_ACTIVE_ARCH = YES;
				SWIFT_ACTIVE_COMPILATION_CONDITIONS = DEBUG;
				SWIFT_OPTIMIZATION_LEVEL = "-Onone";
			};
			name = Debug;
		};
		E18F170B28B3D436000B0F17 /* Release */ = {
			isa = XCBuildConfiguration;
			buildSettings = {
				ALWAYS_SEARCH_USER_PATHS = NO;
				CLANG_ANALYZER_NONNULL = YES;
				CLANG_ANALYZER_NUMBER_OBJECT_CONVERSION = YES_AGGRESSIVE;
				CLANG_CXX_LANGUAGE_STANDARD = "gnu++20";
				CLANG_ENABLE_MODULES = YES;
				CLANG_ENABLE_OBJC_ARC = YES;
				CLANG_ENABLE_OBJC_WEAK = YES;
				CLANG_WARN_BLOCK_CAPTURE_AUTORELEASING = YES;
				CLANG_WARN_BOOL_CONVERSION = YES;
				CLANG_WARN_COMMA = YES;
				CLANG_WARN_CONSTANT_CONVERSION = YES;
				CLANG_WARN_DEPRECATED_OBJC_IMPLEMENTATIONS = YES;
				CLANG_WARN_DIRECT_OBJC_ISA_USAGE = YES_ERROR;
				CLANG_WARN_DOCUMENTATION_COMMENTS = YES;
				CLANG_WARN_EMPTY_BODY = YES;
				CLANG_WARN_ENUM_CONVERSION = YES;
				CLANG_WARN_INFINITE_RECURSION = YES;
				CLANG_WARN_INT_CONVERSION = YES;
				CLANG_WARN_NON_LITERAL_NULL_CONVERSION = YES;
				CLANG_WARN_OBJC_IMPLICIT_RETAIN_SELF = YES;
				CLANG_WARN_OBJC_LITERAL_CONVERSION = YES;
				CLANG_WARN_OBJC_ROOT_CLASS = YES_ERROR;
				CLANG_WARN_QUOTED_INCLUDE_IN_FRAMEWORK_HEADER = YES;
				CLANG_WARN_RANGE_LOOP_ANALYSIS = YES;
				CLANG_WARN_STRICT_PROTOTYPES = YES;
				CLANG_WARN_SUSPICIOUS_MOVE = YES;
				CLANG_WARN_UNGUARDED_AVAILABILITY = YES_AGGRESSIVE;
				CLANG_WARN_UNREACHABLE_CODE = YES;
				CLANG_WARN__DUPLICATE_METHOD_MATCH = YES;
				COPY_PHASE_STRIP = NO;
				DEBUG_INFORMATION_FORMAT = "dwarf-with-dsym";
				ENABLE_NS_ASSERTIONS = NO;
				ENABLE_STRICT_OBJC_MSGSEND = YES;
				GCC_C_LANGUAGE_STANDARD = gnu11;
				GCC_NO_COMMON_BLOCKS = YES;
				GCC_WARN_64_TO_32_BIT_CONVERSION = YES;
				GCC_WARN_ABOUT_RETURN_TYPE = YES_ERROR;
				GCC_WARN_UNDECLARED_SELECTOR = YES;
				GCC_WARN_UNINITIALIZED_AUTOS = YES_AGGRESSIVE;
				GCC_WARN_UNUSED_FUNCTION = YES;
				GCC_WARN_UNUSED_VARIABLE = YES;
				MTL_ENABLE_DEBUG_INFO = NO;
				MTL_FAST_MATH = YES;
				SWIFT_COMPILATION_MODE = wholemodule;
				SWIFT_OPTIMIZATION_LEVEL = "-O";
			};
			name = Release;
		};
		E18F170D28B3D436000B0F17 /* Debug */ = {
			isa = XCBuildConfiguration;
			buildSettings = {
				CODE_SIGN_STYLE = Automatic;
				CURRENT_PROJECT_VERSION = 1.5;
				DEVELOPMENT_TEAM = 27VK33W7A4;
				GENERATE_INFOPLIST_FILE = YES;
				INFOPLIST_FILE = "iOS (Extension)/Info.plist";
				INFOPLIST_KEY_CFBundleDisplayName = "Real Debrid Extension";
				INFOPLIST_KEY_NSHumanReadableCopyright = "";
				IPHONEOS_DEPLOYMENT_TARGET = 15.0;
				LD_RUNPATH_SEARCH_PATHS = (
					"$(inherited)",
					"@executable_path/Frameworks",
					"@executable_path/../../Frameworks",
				);
				MARKETING_VERSION = 1.5;
				OTHER_LDFLAGS = (
					"-framework",
					SafariServices,
				);
				PRODUCT_BUNDLE_IDENTIFIER = "rwbritton.co.uk.Real-Debrid.Extension";
				PRODUCT_NAME = "Real Debrid Extension";
				SDKROOT = iphoneos;
				SKIP_INSTALL = YES;
				SWIFT_EMIT_LOC_STRINGS = YES;
				SWIFT_VERSION = 5.0;
				TARGETED_DEVICE_FAMILY = "1,2";
			};
			name = Debug;
		};
		E18F170E28B3D436000B0F17 /* Release */ = {
			isa = XCBuildConfiguration;
			buildSettings = {
				CODE_SIGN_STYLE = Automatic;
				CURRENT_PROJECT_VERSION = 1.5;
				DEVELOPMENT_TEAM = 27VK33W7A4;
				GENERATE_INFOPLIST_FILE = YES;
				INFOPLIST_FILE = "iOS (Extension)/Info.plist";
				INFOPLIST_KEY_CFBundleDisplayName = "Real Debrid Extension";
				INFOPLIST_KEY_NSHumanReadableCopyright = "";
				IPHONEOS_DEPLOYMENT_TARGET = 15.0;
				LD_RUNPATH_SEARCH_PATHS = (
					"$(inherited)",
					"@executable_path/Frameworks",
					"@executable_path/../../Frameworks",
				);
				MARKETING_VERSION = 1.5;
				OTHER_LDFLAGS = (
					"-framework",
					SafariServices,
				);
				PRODUCT_BUNDLE_IDENTIFIER = "rwbritton.co.uk.Real-Debrid.Extension";
				PRODUCT_NAME = "Real Debrid Extension";
				SDKROOT = iphoneos;
				SKIP_INSTALL = YES;
				SWIFT_EMIT_LOC_STRINGS = YES;
				SWIFT_VERSION = 5.0;
				TARGETED_DEVICE_FAMILY = "1,2";
				VALIDATE_PRODUCT = YES;
			};
			name = Release;
		};
		E18F171128B3D436000B0F17 /* Debug */ = {
			isa = XCBuildConfiguration;
			buildSettings = {
				ALWAYS_EMBED_SWIFT_STANDARD_LIBRARIES = YES;
				ASSETCATALOG_COMPILER_APPICON_NAME = "iOS icon";
				ASSETCATALOG_COMPILER_GLOBAL_ACCENT_COLOR_NAME = AccentColor;
				ASSETCATALOG_COMPILER_INCLUDE_ALL_APPICON_ASSETS = YES;
				CODE_SIGN_STYLE = Automatic;
				CURRENT_PROJECT_VERSION = 1.5;
				DEVELOPMENT_TEAM = 27VK33W7A4;
				GENERATE_INFOPLIST_FILE = YES;
				INFOPLIST_FILE = "iOS (App)/Info.plist";
				INFOPLIST_KEY_CFBundleDisplayName = "Real Debrid";
				INFOPLIST_KEY_UIApplicationSupportsIndirectInputEvents = YES;
				INFOPLIST_KEY_UILaunchStoryboardName = Main.storyboard;
				INFOPLIST_KEY_UIMainStoryboardFile = Main;
				INFOPLIST_KEY_UIStatusBarStyle = "";
				INFOPLIST_KEY_UISupportedInterfaceOrientations = "UIInterfaceOrientationPortrait UIInterfaceOrientationLandscapeLeft UIInterfaceOrientationLandscapeRight";
				INFOPLIST_KEY_UISupportedInterfaceOrientations_iPad = "UIInterfaceOrientationPortrait UIInterfaceOrientationPortraitUpsideDown UIInterfaceOrientationLandscapeLeft UIInterfaceOrientationLandscapeRight";
				IPHONEOS_DEPLOYMENT_TARGET = 15.0;
				LD_RUNPATH_SEARCH_PATHS = (
					"$(inherited)",
					"@executable_path/Frameworks",
				);
				MARKETING_VERSION = 1.5;
				OTHER_LDFLAGS = (
					"-framework",
					SafariServices,
					"-framework",
					WebKit,
				);
				PRODUCT_BUNDLE_IDENTIFIER = "rwbritton.co.uk.Real-Debrid";
				PRODUCT_NAME = "Real Debrid";
				SDKROOT = iphoneos;
				SWIFT_EMIT_LOC_STRINGS = YES;
				SWIFT_VERSION = 5.0;
				TARGETED_DEVICE_FAMILY = "1,2";
			};
			name = Debug;
		};
		E18F171228B3D436000B0F17 /* Release */ = {
			isa = XCBuildConfiguration;
			buildSettings = {
				ALWAYS_EMBED_SWIFT_STANDARD_LIBRARIES = YES;
				ASSETCATALOG_COMPILER_APPICON_NAME = "iOS icon";
				ASSETCATALOG_COMPILER_GLOBAL_ACCENT_COLOR_NAME = AccentColor;
				ASSETCATALOG_COMPILER_INCLUDE_ALL_APPICON_ASSETS = YES;
				CODE_SIGN_STYLE = Automatic;
				CURRENT_PROJECT_VERSION = 1.5;
				DEVELOPMENT_TEAM = 27VK33W7A4;
				GENERATE_INFOPLIST_FILE = YES;
				INFOPLIST_FILE = "iOS (App)/Info.plist";
				INFOPLIST_KEY_CFBundleDisplayName = "Real Debrid";
				INFOPLIST_KEY_UIApplicationSupportsIndirectInputEvents = YES;
				INFOPLIST_KEY_UILaunchStoryboardName = Main.storyboard;
				INFOPLIST_KEY_UIMainStoryboardFile = Main;
				INFOPLIST_KEY_UIStatusBarStyle = "";
				INFOPLIST_KEY_UISupportedInterfaceOrientations = "UIInterfaceOrientationPortrait UIInterfaceOrientationLandscapeLeft UIInterfaceOrientationLandscapeRight";
				INFOPLIST_KEY_UISupportedInterfaceOrientations_iPad = "UIInterfaceOrientationPortrait UIInterfaceOrientationPortraitUpsideDown UIInterfaceOrientationLandscapeLeft UIInterfaceOrientationLandscapeRight";
				IPHONEOS_DEPLOYMENT_TARGET = 15.0;
				LD_RUNPATH_SEARCH_PATHS = (
					"$(inherited)",
					"@executable_path/Frameworks",
				);
				MARKETING_VERSION = 1.5;
				OTHER_LDFLAGS = (
					"-framework",
					SafariServices,
					"-framework",
					WebKit,
				);
				PRODUCT_BUNDLE_IDENTIFIER = "rwbritton.co.uk.Real-Debrid";
				PRODUCT_NAME = "Real Debrid";
				SDKROOT = iphoneos;
				SWIFT_EMIT_LOC_STRINGS = YES;
				SWIFT_VERSION = 5.0;
				TARGETED_DEVICE_FAMILY = "1,2";
				VALIDATE_PRODUCT = YES;
			};
			name = Release;
		};
		E18F171428B3D436000B0F17 /* Debug */ = {
			isa = XCBuildConfiguration;
			buildSettings = {
				ASSETCATALOG_COMPILER_APPICON_NAME = "Mac Icon";
				CODE_SIGN_ENTITLEMENTS = "macOS (Extension)/Real Debrid.entitlements";
				CODE_SIGN_STYLE = Automatic;
				CURRENT_PROJECT_VERSION = 1.5;
				DEVELOPMENT_TEAM = 27VK33W7A4;
				ENABLE_HARDENED_RUNTIME = YES;
				GENERATE_INFOPLIST_FILE = YES;
				INFOPLIST_FILE = "macOS (Extension)/Info.plist";
				INFOPLIST_KEY_CFBundleDisplayName = "Real Debrid Extension";
				INFOPLIST_KEY_NSHumanReadableCopyright = "";
				LD_RUNPATH_SEARCH_PATHS = (
					"$(inherited)",
					"@executable_path/../Frameworks",
					"@executable_path/../../../../Frameworks",
				);
				MACOSX_DEPLOYMENT_TARGET = 10.14;
				MARKETING_VERSION = 1.5;
				OTHER_LDFLAGS = (
					"-framework",
					SafariServices,
				);
				PRODUCT_BUNDLE_IDENTIFIER = "rwbritton.co.uk.Real-Debrid.Extension";
				PRODUCT_NAME = "Real Debrid Extension";
				SDKROOT = macosx;
				SKIP_INSTALL = YES;
				SWIFT_EMIT_LOC_STRINGS = YES;
				SWIFT_VERSION = 5.0;
			};
			name = Debug;
		};
		E18F171528B3D436000B0F17 /* Release */ = {
			isa = XCBuildConfiguration;
			buildSettings = {
				ASSETCATALOG_COMPILER_APPICON_NAME = "Mac Icon";
				CODE_SIGN_ENTITLEMENTS = "macOS (Extension)/Real Debrid.entitlements";
				CODE_SIGN_STYLE = Automatic;
				CURRENT_PROJECT_VERSION = 1.5;
				DEVELOPMENT_TEAM = 27VK33W7A4;
				ENABLE_HARDENED_RUNTIME = YES;
				GENERATE_INFOPLIST_FILE = YES;
				INFOPLIST_FILE = "macOS (Extension)/Info.plist";
				INFOPLIST_KEY_CFBundleDisplayName = "Real Debrid Extension";
				INFOPLIST_KEY_NSHumanReadableCopyright = "";
				LD_RUNPATH_SEARCH_PATHS = (
					"$(inherited)",
					"@executable_path/../Frameworks",
					"@executable_path/../../../../Frameworks",
				);
				MACOSX_DEPLOYMENT_TARGET = 10.14;
				MARKETING_VERSION = 1.5;
				OTHER_LDFLAGS = (
					"-framework",
					SafariServices,
				);
				PRODUCT_BUNDLE_IDENTIFIER = "rwbritton.co.uk.Real-Debrid.Extension";
				PRODUCT_NAME = "Real Debrid Extension";
				SDKROOT = macosx;
				SKIP_INSTALL = YES;
				SWIFT_EMIT_LOC_STRINGS = YES;
				SWIFT_VERSION = 5.0;
			};
			name = Release;
		};
		E18F171828B3D436000B0F17 /* Debug */ = {
			isa = XCBuildConfiguration;
			buildSettings = {
				ALWAYS_EMBED_SWIFT_STANDARD_LIBRARIES = YES;
				ASSETCATALOG_COMPILER_APPICON_NAME = "Mac Icon";
				ASSETCATALOG_COMPILER_GLOBAL_ACCENT_COLOR_NAME = AccentColor;
				ASSETCATALOG_COMPILER_INCLUDE_ALL_APPICON_ASSETS = YES;
				CODE_SIGN_ENTITLEMENTS = "macOS (App)/Real Debrid.entitlements";
				CODE_SIGN_STYLE = Automatic;
				CURRENT_PROJECT_VERSION = 1.5;
				DEVELOPMENT_TEAM = 27VK33W7A4;
				ENABLE_HARDENED_RUNTIME = YES;
				GENERATE_INFOPLIST_FILE = YES;
				INFOPLIST_FILE = "macOS (App)/Info.plist";
				INFOPLIST_KEY_CFBundleDisplayName = "Real Debrid";
				INFOPLIST_KEY_LSApplicationCategoryType = "public.app-category.utilities";
				INFOPLIST_KEY_NSMainStoryboardFile = Main;
				INFOPLIST_KEY_NSPrincipalClass = NSApplication;
				INFOPLIST_KEY_UILaunchStoryboardName = Main.storyboard;
				LD_RUNPATH_SEARCH_PATHS = (
					"$(inherited)",
					"@executable_path/../Frameworks",
				);
				MACOSX_DEPLOYMENT_TARGET = 10.14;
				MARKETING_VERSION = 1.5;
				OTHER_LDFLAGS = (
					"-framework",
					SafariServices,
					"-framework",
					WebKit,
				);
				PRODUCT_BUNDLE_IDENTIFIER = "rwbritton.co.uk.Real-Debrid";
				PRODUCT_NAME = "Real Debrid";
				SDKROOT = macosx;
				SWIFT_EMIT_LOC_STRINGS = YES;
				SWIFT_VERSION = 5.0;
			};
			name = Debug;
		};
		E18F171928B3D436000B0F17 /* Release */ = {
			isa = XCBuildConfiguration;
			buildSettings = {
				ALWAYS_EMBED_SWIFT_STANDARD_LIBRARIES = YES;
				ASSETCATALOG_COMPILER_APPICON_NAME = "Mac Icon";
				ASSETCATALOG_COMPILER_GLOBAL_ACCENT_COLOR_NAME = AccentColor;
				ASSETCATALOG_COMPILER_INCLUDE_ALL_APPICON_ASSETS = YES;
				CODE_SIGN_ENTITLEMENTS = "macOS (App)/Real Debrid.entitlements";
				CODE_SIGN_STYLE = Automatic;
				CURRENT_PROJECT_VERSION = 1.5;
				DEVELOPMENT_TEAM = 27VK33W7A4;
				ENABLE_HARDENED_RUNTIME = YES;
				GENERATE_INFOPLIST_FILE = YES;
				INFOPLIST_FILE = "macOS (App)/Info.plist";
				INFOPLIST_KEY_CFBundleDisplayName = "Real Debrid";
				INFOPLIST_KEY_LSApplicationCategoryType = "public.app-category.utilities";
				INFOPLIST_KEY_NSMainStoryboardFile = Main;
				INFOPLIST_KEY_NSPrincipalClass = NSApplication;
				INFOPLIST_KEY_UILaunchStoryboardName = Main.storyboard;
				LD_RUNPATH_SEARCH_PATHS = (
					"$(inherited)",
					"@executable_path/../Frameworks",
				);
				MACOSX_DEPLOYMENT_TARGET = 10.14;
				MARKETING_VERSION = 1.5;
				OTHER_LDFLAGS = (
					"-framework",
					SafariServices,
					"-framework",
					WebKit,
				);
				PRODUCT_BUNDLE_IDENTIFIER = "rwbritton.co.uk.Real-Debrid";
				PRODUCT_NAME = "Real Debrid";
				SDKROOT = macosx;
				SWIFT_EMIT_LOC_STRINGS = YES;
				SWIFT_VERSION = 5.0;
			};
			name = Release;
		};
/* End XCBuildConfiguration section */

/* Begin XCConfigurationList section */
		E18F16BC28B3D435000B0F17 /* Build configuration list for PBXProject "Real Debrid" */ = {
			isa = XCConfigurationList;
			buildConfigurations = (
				E18F170A28B3D436000B0F17 /* Debug */,
				E18F170B28B3D436000B0F17 /* Release */,
			);
			defaultConfigurationIsVisible = 0;
			defaultConfigurationName = Release;
		};
		E18F170C28B3D436000B0F17 /* Build configuration list for PBXNativeTarget "Real Debrid Extension (iOS)" */ = {
			isa = XCConfigurationList;
			buildConfigurations = (
				E18F170D28B3D436000B0F17 /* Debug */,
				E18F170E28B3D436000B0F17 /* Release */,
			);
			defaultConfigurationIsVisible = 0;
			defaultConfigurationName = Release;
		};
		E18F171028B3D436000B0F17 /* Build configuration list for PBXNativeTarget "Real Debrid (iOS)" */ = {
			isa = XCConfigurationList;
			buildConfigurations = (
				E18F171128B3D436000B0F17 /* Debug */,
				E18F171228B3D436000B0F17 /* Release */,
			);
			defaultConfigurationIsVisible = 0;
			defaultConfigurationName = Release;
		};
		E18F171328B3D436000B0F17 /* Build configuration list for PBXNativeTarget "Real Debrid Extension (macOS)" */ = {
			isa = XCConfigurationList;
			buildConfigurations = (
				E18F171428B3D436000B0F17 /* Debug */,
				E18F171528B3D436000B0F17 /* Release */,
			);
			defaultConfigurationIsVisible = 0;
			defaultConfigurationName = Release;
		};
		E18F171728B3D436000B0F17 /* Build configuration list for PBXNativeTarget "Real Debrid (macOS)" */ = {
			isa = XCConfigurationList;
			buildConfigurations = (
				E18F171828B3D436000B0F17 /* Debug */,
				E18F171928B3D436000B0F17 /* Release */,
			);
			defaultConfigurationIsVisible = 0;
			defaultConfigurationName = Release;
		};
/* End XCConfigurationList section */
	};
	rootObject = E18F16B928B3D435000B0F17 /* Project object */;
}
